PODS:
  - Kiwi (2.4.0)
  - XCFKit (0.1.0-beta)

DEPENDENCIES:
  - Kiwi
  - XCFKit (from `../`)

EXTERNAL SOURCES:
  XCFKit:
    :path: ../

SPEC CHECKSUMS:
  Kiwi: f49c9d54b28917df5928fe44968a39ed198cb8a8
  XCFKit: 2c6753662f4ca31cc13e18f58b8f61b44e401cfc

PODFILE CHECKSUM: 4493de7f5be2f2c350d7b0603ec80481fdd2fe09

COCOAPODS: 1.0.1
