// !$*UTF8*$!
{
	archiveVersion = 1;
	classes = {
	};
	objectVersion = 46;
	objects = {

/* Begin PBXBuildFile section */
		89D6E5DBDCEE1AF2966C5002 /* libPods-XCFKit iOS Demo.a in Frameworks */ = {isa = PBXBuildFile; fileRef = 3AB8A21010FFB191C241645B /* libPods-XCFKit iOS Demo.a */; };
		E80039EA1DC325D100103028 /* main.m in Sources */ = {isa = PBXBuildFile; fileRef = E80039E91DC325D100103028 /* main.m */; };
		E80039ED1DC325D100103028 /* AppDelegate.m in Sources */ = {isa = PBXBuildFile; fileRef = E80039EC1DC325D100103028 /* AppDelegate.m */; };
		E80039F01DC325D100103028 /* ViewController.m in Sources */ = {isa = PBXBuildFile; fileRef = E80039EF1DC325D100103028 /* ViewController.m */; };
		E80039F31DC325D100103028 /* Main.storyboard in Resources */ = {isa = PBXBuildFile; fileRef = E80039F11DC325D100103028 /* Main.storyboard */; };
		E80039F51DC325D100103028 /* Assets.xcassets in Resources */ = {isa = PBXBuildFile; fileRef = E80039F41DC325D100103028 /* Assets.xcassets */; };
		E80039F81DC325D100103028 /* LaunchScreen.storyboard in Resources */ = {isa = PBXBuildFile; fileRef = E80039F61DC325D100103028 /* LaunchScreen.storyboard */; };
		E8226B981F55816200AE7D67 /* XCFTrieTreeDemoViewController.m in Sources */ = {isa = PBXBuildFile; fileRef = E8226B971F55816200AE7D67 /* XCFTrieTreeDemoViewController.m */; };
		E8226BA01F57BB7C00AE7D67 /* XCFTrieMatchTestDemoController.m in Sources */ = {isa = PBXBuildFile; fileRef = E8226B9F1F57BB7C00AE7D67 /* XCFTrieMatchTestDemoController.m */; };
		E82ADC8C1E26475800599884 /* XCFVideoRangeSliderDemoController.m in Sources */ = {isa = PBXBuildFile; fileRef = E82ADC8B1E26475800599884 /* XCFVideoRangeSliderDemoController.m */; };
		E82ADC961E28D0C000599884 /* XCFVideoEditorDemoController.m in Sources */ = {isa = PBXBuildFile; fileRef = E82ADC951E28D0C000599884 /* XCFVideoEditorDemoController.m */; };
		E832F3751E5AC3B1006D8960 /* XCFAVPlayerViewControllerDemoController.m in Sources */ = {isa = PBXBuildFile; fileRef = E832F3741E5AC3B1006D8960 /* XCFAVPlayerViewControllerDemoController.m */; };
		E83521451E07D6E500C921A1 /* XCFAVPlayerDemoController.m in Sources */ = {isa = PBXBuildFile; fileRef = E83521441E07D6E500C921A1 /* XCFAVPlayerDemoController.m */; };
		E839BB931E039E19009B7B31 /* XCFMicroVideoPlayerDemoController.m in Sources */ = {isa = PBXBuildFile; fileRef = E839BB921E039E19009B7B31 /* XCFMicroVideoPlayerDemoController.m */; };
		E84FD29C1E03BB19007A09C4 /* microVideoPlayerPreviewImage.jpg in Resources */ = {isa = PBXBuildFile; fileRef = E84FD29B1E03BB19007A09C4 /* microVideoPlayerPreviewImage.jpg */; };
		E882296E1E2F1874007BA838 /* XCFVideoLoadProgressViewDemoController.m in Sources */ = {isa = PBXBuildFile; fileRef = E882296D1E2F1874007BA838 /* XCFVideoLoadProgressViewDemoController.m */; };
		E8B9A4531FDF8AD900CD9BC6 /* XCFAppearanceColorsDemoController.m in Sources */ = {isa = PBXBuildFile; fileRef = E8B9A4521FDF8AD900CD9BC6 /* XCFAppearanceColorsDemoController.m */; };
		E8B9A4561FDF8B0D00CD9BC6 /* XCFAppearanceColorCell.m in Sources */ = {isa = PBXBuildFile; fileRef = E8B9A4551FDF8B0D00CD9BC6 /* XCFAppearanceColorCell.m */; };
/* End PBXBuildFile section */

/* Begin PBXCopyFilesBuildPhase section */
		E8003A481DC3358B00103028 /* Embed Frameworks */ = {
			isa = PBXCopyFilesBuildPhase;
			buildActionMask = 2147483647;
			dstPath = "";
			dstSubfolderSpec = 10;
			files = (
			);
			name = "Embed Frameworks";
			runOnlyForDeploymentPostprocessing = 0;
		};
/* End PBXCopyFilesBuildPhase section */

/* Begin PBXFileReference section */
		3AB8A21010FFB191C241645B /* libPods-XCFKit iOS Demo.a */ = {isa = PBXFileReference; explicitFileType = archive.ar; includeInIndex = 0; path = "libPods-XCFKit iOS Demo.a"; sourceTree = BUILT_PRODUCTS_DIR; };
		8F6C17B69DA2667D646C606E /* Pods-XCFKit iOS Demo.debug.xcconfig */ = {isa = PBXFileReference; includeInIndex = 1; lastKnownFileType = text.xcconfig; name = "Pods-XCFKit iOS Demo.debug.xcconfig"; path = "Pods/Target Support Files/Pods-XCFKit iOS Demo/Pods-XCFKit iOS Demo.debug.xcconfig"; sourceTree = "<group>"; };
		CDB2FEF9ED70F85DD34B26D5 /* Pods-XCFKit iOS Demo.release.xcconfig */ = {isa = PBXFileReference; includeInIndex = 1; lastKnownFileType = text.xcconfig; name = "Pods-XCFKit iOS Demo.release.xcconfig"; path = "Pods/Target Support Files/Pods-XCFKit iOS Demo/Pods-XCFKit iOS Demo.release.xcconfig"; sourceTree = "<group>"; };
		E80039E51DC325D100103028 /* XCFKit iOS Demo.app */ = {isa = PBXFileReference; explicitFileType = wrapper.application; includeInIndex = 0; path = "XCFKit iOS Demo.app"; sourceTree = BUILT_PRODUCTS_DIR; };
		E80039E91DC325D100103028 /* main.m */ = {isa = PBXFileReference; lastKnownFileType = sourcecode.c.objc; path = main.m; sourceTree = "<group>"; };
		E80039EB1DC325D100103028 /* AppDelegate.h */ = {isa = PBXFileReference; lastKnownFileType = sourcecode.c.h; path = AppDelegate.h; sourceTree = "<group>"; };
		E80039EC1DC325D100103028 /* AppDelegate.m */ = {isa = PBXFileReference; lastKnownFileType = sourcecode.c.objc; path = AppDelegate.m; sourceTree = "<group>"; };
		E80039EE1DC325D100103028 /* ViewController.h */ = {isa = PBXFileReference; lastKnownFileType = sourcecode.c.h; path = ViewController.h; sourceTree = "<group>"; };
		E80039EF1DC325D100103028 /* ViewController.m */ = {isa = PBXFileReference; lastKnownFileType = sourcecode.c.objc; path = ViewController.m; sourceTree = "<group>"; };
		E80039F21DC325D100103028 /* Base */ = {isa = PBXFileReference; lastKnownFileType = file.storyboard; name = Base; path = Base.lproj/Main.storyboard; sourceTree = "<group>"; };
		E80039F41DC325D100103028 /* Assets.xcassets */ = {isa = PBXFileReference; lastKnownFileType = folder.assetcatalog; path = Assets.xcassets; sourceTree = "<group>"; };
		E80039F71DC325D100103028 /* Base */ = {isa = PBXFileReference; lastKnownFileType = file.storyboard; name = Base; path = Base.lproj/LaunchScreen.storyboard; sourceTree = "<group>"; };
		E80039F91DC325D100103028 /* Info.plist */ = {isa = PBXFileReference; lastKnownFileType = text.plist.xml; path = Info.plist; sourceTree = "<group>"; };
		E8226B961F55816200AE7D67 /* XCFTrieTreeDemoViewController.h */ = {isa = PBXFileReference; fileEncoding = 4; lastKnownFileType = sourcecode.c.h; path = XCFTrieTreeDemoViewController.h; sourceTree = "<group>"; };
		E8226B971F55816200AE7D67 /* XCFTrieTreeDemoViewController.m */ = {isa = PBXFileReference; fileEncoding = 4; lastKnownFileType = sourcecode.c.objc; path = XCFTrieTreeDemoViewController.m; sourceTree = "<group>"; };
		E8226B9E1F57BB7C00AE7D67 /* XCFTrieMatchTestDemoController.h */ = {isa = PBXFileReference; fileEncoding = 4; lastKnownFileType = sourcecode.c.h; path = XCFTrieMatchTestDemoController.h; sourceTree = "<group>"; };
		E8226B9F1F57BB7C00AE7D67 /* XCFTrieMatchTestDemoController.m */ = {isa = PBXFileReference; fileEncoding = 4; lastKnownFileType = sourcecode.c.objc; path = XCFTrieMatchTestDemoController.m; sourceTree = "<group>"; };
		E82ADC8A1E26475800599884 /* XCFVideoRangeSliderDemoController.h */ = {isa = PBXFileReference; fileEncoding = 4; lastKnownFileType = sourcecode.c.h; path = XCFVideoRangeSliderDemoController.h; sourceTree = "<group>"; };
		E82ADC8B1E26475800599884 /* XCFVideoRangeSliderDemoController.m */ = {isa = PBXFileReference; fileEncoding = 4; lastKnownFileType = sourcecode.c.objc; path = XCFVideoRangeSliderDemoController.m; sourceTree = "<group>"; };
		E82ADC941E28D0C000599884 /* XCFVideoEditorDemoController.h */ = {isa = PBXFileReference; fileEncoding = 4; lastKnownFileType = sourcecode.c.h; path = XCFVideoEditorDemoController.h; sourceTree = "<group>"; };
		E82ADC951E28D0C000599884 /* XCFVideoEditorDemoController.m */ = {isa = PBXFileReference; fileEncoding = 4; lastKnownFileType = sourcecode.c.objc; path = XCFVideoEditorDemoController.m; sourceTree = "<group>"; };
		E832F3731E5AC3B1006D8960 /* XCFAVPlayerViewControllerDemoController.h */ = {isa = PBXFileReference; fileEncoding = 4; lastKnownFileType = sourcecode.c.h; path = XCFAVPlayerViewControllerDemoController.h; sourceTree = "<group>"; };
		E832F3741E5AC3B1006D8960 /* XCFAVPlayerViewControllerDemoController.m */ = {isa = PBXFileReference; fileEncoding = 4; lastKnownFileType = sourcecode.c.objc; path = XCFAVPlayerViewControllerDemoController.m; sourceTree = "<group>"; };
		E83521431E07D6E500C921A1 /* XCFAVPlayerDemoController.h */ = {isa = PBXFileReference; fileEncoding = 4; lastKnownFileType = sourcecode.c.h; path = XCFAVPlayerDemoController.h; sourceTree = "<group>"; };
		E83521441E07D6E500C921A1 /* XCFAVPlayerDemoController.m */ = {isa = PBXFileReference; fileEncoding = 4; lastKnownFileType = sourcecode.c.objc; path = XCFAVPlayerDemoController.m; sourceTree = "<group>"; };
		E839BB911E039E19009B7B31 /* XCFMicroVideoPlayerDemoController.h */ = {isa = PBXFileReference; fileEncoding = 4; lastKnownFileType = sourcecode.c.h; path = XCFMicroVideoPlayerDemoController.h; sourceTree = "<group>"; };
		E839BB921E039E19009B7B31 /* XCFMicroVideoPlayerDemoController.m */ = {isa = PBXFileReference; fileEncoding = 4; lastKnownFileType = sourcecode.c.objc; path = XCFMicroVideoPlayerDemoController.m; sourceTree = "<group>"; };
		E84FD29B1E03BB19007A09C4 /* microVideoPlayerPreviewImage.jpg */ = {isa = PBXFileReference; lastKnownFileType = image.jpeg; path = microVideoPlayerPreviewImage.jpg; sourceTree = "<group>"; };
		E882296C1E2F1874007BA838 /* XCFVideoLoadProgressViewDemoController.h */ = {isa = PBXFileReference; fileEncoding = 4; lastKnownFileType = sourcecode.c.h; path = XCFVideoLoadProgressViewDemoController.h; sourceTree = "<group>"; };
		E882296D1E2F1874007BA838 /* XCFVideoLoadProgressViewDemoController.m */ = {isa = PBXFileReference; fileEncoding = 4; lastKnownFileType = sourcecode.c.objc; path = XCFVideoLoadProgressViewDemoController.m; sourceTree = "<group>"; };
		E8B9A4511FDF8AD900CD9BC6 /* XCFAppearanceColorsDemoController.h */ = {isa = PBXFileReference; lastKnownFileType = sourcecode.c.h; path = XCFAppearanceColorsDemoController.h; sourceTree = "<group>"; };
		E8B9A4521FDF8AD900CD9BC6 /* XCFAppearanceColorsDemoController.m */ = {isa = PBXFileReference; lastKnownFileType = sourcecode.c.objc; path = XCFAppearanceColorsDemoController.m; sourceTree = "<group>"; };
		E8B9A4541FDF8B0D00CD9BC6 /* XCFAppearanceColorCell.h */ = {isa = PBXFileReference; lastKnownFileType = sourcecode.c.h; path = XCFAppearanceColorCell.h; sourceTree = "<group>"; };
		E8B9A4551FDF8B0D00CD9BC6 /* XCFAppearanceColorCell.m */ = {isa = PBXFileReference; lastKnownFileType = sourcecode.c.objc; path = XCFAppearanceColorCell.m; sourceTree = "<group>"; };
/* End PBXFileReference section */

/* Begin PBXFrameworksBuildPhase section */
		E80039E21DC325D100103028 /* Frameworks */ = {
			isa = PBXFrameworksBuildPhase;
			buildActionMask = 2147483647;
			files = (
				89D6E5DBDCEE1AF2966C5002 /* libPods-XCFKit iOS Demo.a in Frameworks */,
			);
			runOnlyForDeploymentPostprocessing = 0;
		};
/* End PBXFrameworksBuildPhase section */

/* Begin PBXGroup section */
		2439B563FBC4B751BC99A0AC /* Pods */ = {
			isa = PBXGroup;
			children = (
				8F6C17B69DA2667D646C606E /* Pods-XCFKit iOS Demo.debug.xcconfig */,
				CDB2FEF9ED70F85DD34B26D5 /* Pods-XCFKit iOS Demo.release.xcconfig */,
			);
			name = Pods;
			sourceTree = "<group>";
		};
		37046058A385E60AAE1A44C6 /* Frameworks */ = {
			isa = PBXGroup;
			children = (
				3AB8A21010FFB191C241645B /* libPods-XCFKit iOS Demo.a */,
			);
			name = Frameworks;
			sourceTree = "<group>";
		};
		E80039DC1DC325D100103028 = {
			isa = PBXGroup;
			children = (
				E80039E71DC325D100103028 /* XCFKit Demo */,
				E80039E61DC325D100103028 /* Products */,
				2439B563FBC4B751BC99A0AC /* Pods */,
				37046058A385E60AAE1A44C6 /* Frameworks */,
			);
			sourceTree = "<group>";
		};
		E80039E61DC325D100103028 /* Products */ = {
			isa = PBXGroup;
			children = (
				E80039E51DC325D100103028 /* XCFKit iOS Demo.app */,
			);
			name = Products;
			sourceTree = "<group>";
		};
		E80039E71DC325D100103028 /* XCFKit Demo */ = {
			isa = PBXGroup;
			children = (
				E80039EB1DC325D100103028 /* AppDelegate.h */,
				E80039EC1DC325D100103028 /* AppDelegate.m */,
				E80039EE1DC325D100103028 /* ViewController.h */,
				E80039EF1DC325D100103028 /* ViewController.m */,
				E8B9A4541FDF8B0D00CD9BC6 /* XCFAppearanceColorCell.h */,
				E8B9A4551FDF8B0D00CD9BC6 /* XCFAppearanceColorCell.m */,
				E8B9A4511FDF8AD900CD9BC6 /* XCFAppearanceColorsDemoController.h */,
				E8B9A4521FDF8AD900CD9BC6 /* XCFAppearanceColorsDemoController.m */,
				E839BB911E039E19009B7B31 /* XCFMicroVideoPlayerDemoController.h */,
				E839BB921E039E19009B7B31 /* XCFMicroVideoPlayerDemoController.m */,
				E83521431E07D6E500C921A1 /* XCFAVPlayerDemoController.h */,
				E83521441E07D6E500C921A1 /* XCFAVPlayerDemoController.m */,
				E82ADC8A1E26475800599884 /* XCFVideoRangeSliderDemoController.h */,
				E82ADC8B1E26475800599884 /* XCFVideoRangeSliderDemoController.m */,
				E82ADC941E28D0C000599884 /* XCFVideoEditorDemoController.h */,
				E82ADC951E28D0C000599884 /* XCFVideoEditorDemoController.m */,
				E882296C1E2F1874007BA838 /* XCFVideoLoadProgressViewDemoController.h */,
				E882296D1E2F1874007BA838 /* XCFVideoLoadProgressViewDemoController.m */,
				E832F3731E5AC3B1006D8960 /* XCFAVPlayerViewControllerDemoController.h */,
				E832F3741E5AC3B1006D8960 /* XCFAVPlayerViewControllerDemoController.m */,
				E8226B961F55816200AE7D67 /* XCFTrieTreeDemoViewController.h */,
				E8226B971F55816200AE7D67 /* XCFTrieTreeDemoViewController.m */,
				E8226B9E1F57BB7C00AE7D67 /* XCFTrieMatchTestDemoController.h */,
				E8226B9F1F57BB7C00AE7D67 /* XCFTrieMatchTestDemoController.m */,
				E80039F11DC325D100103028 /* Main.storyboard */,
				E80039F41DC325D100103028 /* Assets.xcassets */,
				E80039F61DC325D100103028 /* LaunchScreen.storyboard */,
				E80039F91DC325D100103028 /* Info.plist */,
				E84FD29A1E03BB08007A09C4 /* Resources */,
				E80039E81DC325D100103028 /* Supporting Files */,
			);
			path = "XCFKit Demo";
			sourceTree = "<group>";
		};
		E80039E81DC325D100103028 /* Supporting Files */ = {
			isa = PBXGroup;
			children = (
				E80039E91DC325D100103028 /* main.m */,
			);
			name = "Supporting Files";
			sourceTree = "<group>";
		};
		E84FD29A1E03BB08007A09C4 /* Resources */ = {
			isa = PBXGroup;
			children = (
				E84FD29B1E03BB19007A09C4 /* microVideoPlayerPreviewImage.jpg */,
			);
			name = Resources;
			sourceTree = "<group>";
		};
/* End PBXGroup section */

/* Begin PBXNativeTarget section */
		E80039E41DC325D100103028 /* XCFKit iOS Demo */ = {
			isa = PBXNativeTarget;
			buildConfigurationList = E8003A071DC325D100103028 /* Build configuration list for PBXNativeTarget "XCFKit iOS Demo" */;
			buildPhases = (
				9515BA140B5658E48A397943 /* [CP] Check Pods Manifest.lock */,
				E80039E11DC325D100103028 /* Sources */,
				E80039E21DC325D100103028 /* Frameworks */,
				E80039E31DC325D100103028 /* Resources */,
				E8003A481DC3358B00103028 /* Embed Frameworks */,
				398B0B99616D35BD9F62D23E /* [CP] Copy Pods Resources */,
			);
			buildRules = (
			);
			dependencies = (
			);
			name = "XCFKit iOS Demo";
			productName = "XCFKit Demo";
			productReference = E80039E51DC325D100103028 /* XCFKit iOS Demo.app */;
			productType = "com.apple.product-type.application";
		};
/* End PBXNativeTarget section */

/* Begin PBXProject section */
		E80039DD1DC325D100103028 /* Project object */ = {
			isa = PBXProject;
			attributes = {
				LastUpgradeCheck = 0810;
				ORGANIZATIONNAME = XiaChuFang;
				TargetAttributes = {
					E80039E41DC325D100103028 = {
						CreatedOnToolsVersion = 8.1;
						DevelopmentTeam = BV897Y9BD9;
						ProvisioningStyle = Automatic;
					};
				};
			};
			buildConfigurationList = E80039E01DC325D100103028 /* Build configuration list for PBXProject "XCFKit Demo" */;
			compatibilityVersion = "Xcode 3.2";
			developmentRegion = English;
			hasScannedForEncodings = 0;
			knownRegions = (
				en,
				Base,
			);
			mainGroup = E80039DC1DC325D100103028;
			productRefGroup = E80039E61DC325D100103028 /* Products */;
			projectDirPath = "";
			projectRoot = "";
			targets = (
				E80039E41DC325D100103028 /* XCFKit iOS Demo */,
			);
		};
/* End PBXProject section */

/* Begin PBXResourcesBuildPhase section */
		E80039E31DC325D100103028 /* Resources */ = {
			isa = PBXResourcesBuildPhase;
			buildActionMask = 2147483647;
			files = (
				E84FD29C1E03BB19007A09C4 /* microVideoPlayerPreviewImage.jpg in Resources */,
				E80039F81DC325D100103028 /* LaunchScreen.storyboard in Resources */,
				E80039F51DC325D100103028 /* Assets.xcassets in Resources */,
				E80039F31DC325D100103028 /* Main.storyboard in Resources */,
			);
			runOnlyForDeploymentPostprocessing = 0;
		};
/* End PBXResourcesBuildPhase section */

/* Begin PBXShellScriptBuildPhase section */
		398B0B99616D35BD9F62D23E /* [CP] Copy Pods Resources */ = {
			isa = PBXShellScriptBuildPhase;
			buildActionMask = 2147483647;
			files = (
			);
			inputPaths = (
				"${PODS_ROOT}/Target Support Files/Pods-XCFKit iOS Demo/Pods-XCFKit iOS Demo-resources.sh",
				"${PODS_CONFIGURATION_BUILD_DIR}/XCFKit/Video.bundle",
			);
			name = "[CP] Copy Pods Resources";
			outputPaths = (
				"${TARGET_BUILD_DIR}/${UNLOCALIZED_RESOURCES_FOLDER_PATH}/Video.bundle",
			);
			runOnlyForDeploymentPostprocessing = 0;
			shellPath = /bin/sh;
			shellScript = "\"${PODS_ROOT}/Target Support Files/Pods-XCFKit iOS Demo/Pods-XCFKit iOS Demo-resources.sh\"\n";
			showEnvVarsInLog = 0;
		};
		9515BA140B5658E48A397943 /* [CP] Check Pods Manifest.lock */ = {
			isa = PBXShellScriptBuildPhase;
			buildActionMask = 2147483647;
			files = (
			);
			inputPaths = (
				"${PODS_PODFILE_DIR_PATH}/Podfile.lock",
				"${PODS_ROOT}/Manifest.lock",
			);
			name = "[CP] Check Pods Manifest.lock";
			outputPaths = (
				"$(DERIVED_FILE_DIR)/Pods-XCFKit iOS Demo-checkManifestLockResult.txt",
			);
			runOnlyForDeploymentPostprocessing = 0;
			shellPath = /bin/sh;
			shellScript = "diff \"${PODS_PODFILE_DIR_PATH}/Podfile.lock\" \"${PODS_ROOT}/Manifest.lock\" > /dev/null\nif [ $? != 0 ] ; then\n    # print error to STDERR\n    echo \"error: The sandbox is not in sync with the Podfile.lock. Run 'pod install' or update your CocoaPods installation.\" >&2\n    exit 1\nfi\n# This output is used by Xcode 'outputs' to avoid re-running this script phase.\necho \"SUCCESS\" > \"${SCRIPT_OUTPUT_FILE_0}\"\n";
			showEnvVarsInLog = 0;
		};
/* End PBXShellScriptBuildPhase section */

/* Begin PBXSourcesBuildPhase section */
		E80039E11DC325D100103028 /* Sources */ = {
			isa = PBXSourcesBuildPhase;
			buildActionMask = 2147483647;
			files = (
				E83521451E07D6E500C921A1 /* XCFAVPlayerDemoController.m in Sources */,
				E8226B981F55816200AE7D67 /* XCFTrieTreeDemoViewController.m in Sources */,
				E80039F01DC325D100103028 /* ViewController.m in Sources */,
				E80039ED1DC325D100103028 /* AppDelegate.m in Sources */,
				E82ADC8C1E26475800599884 /* XCFVideoRangeSliderDemoController.m in Sources */,
				E832F3751E5AC3B1006D8960 /* XCFAVPlayerViewControllerDemoController.m in Sources */,
				E8226BA01F57BB7C00AE7D67 /* XCFTrieMatchTestDemoController.m in Sources */,
				E882296E1E2F1874007BA838 /* XCFVideoLoadProgressViewDemoController.m in Sources */,
				E839BB931E039E19009B7B31 /* XCFMicroVideoPlayerDemoController.m in Sources */,
				E80039EA1DC325D100103028 /* main.m in Sources */,
				E8B9A4531FDF8AD900CD9BC6 /* XCFAppearanceColorsDemoController.m in Sources */,
				E8B9A4561FDF8B0D00CD9BC6 /* XCFAppearanceColorCell.m in Sources */,
				E82ADC961E28D0C000599884 /* XCFVideoEditorDemoController.m in Sources */,
			);
			runOnlyForDeploymentPostprocessing = 0;
		};
/* End PBXSourcesBuildPhase section */

/* Begin PBXVariantGroup section */
		E80039F11DC325D100103028 /* Main.storyboard */ = {
			isa = PBXVariantGroup;
			children = (
				E80039F21DC325D100103028 /* Base */,
			);
			name = Main.storyboard;
			sourceTree = "<group>";
		};
		E80039F61DC325D100103028 /* LaunchScreen.storyboard */ = {
			isa = PBXVariantGroup;
			children = (
				E80039F71DC325D100103028 /* Base */,
			);
			name = LaunchScreen.storyboard;
			sourceTree = "<group>";
		};
/* End PBXVariantGroup section */

/* Begin XCBuildConfiguration section */
		E8003A051DC325D100103028 /* Debug */ = {
			isa = XCBuildConfiguration;
			buildSettings = {
				ALWAYS_SEARCH_USER_PATHS = NO;
				CLANG_ANALYZER_NONNULL = YES;
				CLANG_CXX_LANGUAGE_STANDARD = "gnu++0x";
				CLANG_CXX_LIBRARY = "libc++";
				CLANG_ENABLE_MODULES = YES;
				CLANG_ENABLE_OBJC_ARC = YES;
				CLANG_WARN_BOOL_CONVERSION = YES;
				CLANG_WARN_CONSTANT_CONVERSION = YES;
				CLANG_WARN_DIRECT_OBJC_ISA_USAGE = YES_ERROR;
				CLANG_WARN_DOCUMENTATION_COMMENTS = YES;
				CLANG_WARN_EMPTY_BODY = YES;
				CLANG_WARN_ENUM_CONVERSION = YES;
				CLANG_WARN_INFINITE_RECURSION = YES;
				CLANG_WARN_INT_CONVERSION = YES;
				CLANG_WARN_OBJC_ROOT_CLASS = YES_ERROR;
				CLANG_WARN_SUSPICIOUS_MOVE = YES;
				CLANG_WARN_SUSPICIOUS_MOVES = YES;
				CLANG_WARN_UNREACHABLE_CODE = YES;
				CLANG_WARN__DUPLICATE_METHOD_MATCH = YES;
				"CODE_SIGN_IDENTITY[sdk=iphoneos*]" = "iPhone Developer";
				COPY_PHASE_STRIP = NO;
				DEBUG_INFORMATION_FORMAT = dwarf;
				ENABLE_STRICT_OBJC_MSGSEND = YES;
				ENABLE_TESTABILITY = YES;
				GCC_C_LANGUAGE_STANDARD = gnu99;
				GCC_DYNAMIC_NO_PIC = NO;
				GCC_NO_COMMON_BLOCKS = YES;
				GCC_OPTIMIZATION_LEVEL = 0;
				GCC_PREPROCESSOR_DEFINITIONS = (
					"DEBUG=1",
					"$(inherited)",
				);
				GCC_WARN_64_TO_32_BIT_CONVERSION = YES;
				GCC_WARN_ABOUT_RETURN_TYPE = YES_ERROR;
				GCC_WARN_UNDECLARED_SELECTOR = YES;
				GCC_WARN_UNINITIALIZED_AUTOS = YES_AGGRESSIVE;
				GCC_WARN_UNUSED_FUNCTION = YES;
				GCC_WARN_UNUSED_VARIABLE = YES;
				IPHONEOS_DEPLOYMENT_TARGET = 10.1;
				MTL_ENABLE_DEBUG_INFO = YES;
				ONLY_ACTIVE_ARCH = YES;
				SDKROOT = iphoneos;
				TARGETED_DEVICE_FAMILY = "1,2";
			};
			name = Debug;
		};
		E8003A061DC325D100103028 /* Release */ = {
			isa = XCBuildConfiguration;
			buildSettings = {
				ALWAYS_SEARCH_USER_PATHS = NO;
				CLANG_ANALYZER_NONNULL = YES;
				CLANG_CXX_LANGUAGE_STANDARD = "gnu++0x";
				CLANG_CXX_LIBRARY = "libc++";
				CLANG_ENABLE_MODULES = YES;
				CLANG_ENABLE_OBJC_ARC = YES;
				CLANG_WARN_BOOL_CONVERSION = YES;
				CLANG_WARN_CONSTANT_CONVERSION = YES;
				CLANG_WARN_DIRECT_OBJC_ISA_USAGE = YES_ERROR;
				CLANG_WARN_DOCUMENTATION_COMMENTS = YES;
				CLANG_WARN_EMPTY_BODY = YES;
				CLANG_WARN_ENUM_CONVERSION = YES;
				CLANG_WARN_INFINITE_RECURSION = YES;
				CLANG_WARN_INT_CONVERSION = YES;
				CLANG_WARN_OBJC_ROOT_CLASS = YES_ERROR;
				CLANG_WARN_SUSPICIOUS_MOVE = YES;
				CLANG_WARN_SUSPICIOUS_MOVES = YES;
				CLANG_WARN_UNREACHABLE_CODE = YES;
				CLANG_WARN__DUPLICATE_METHOD_MATCH = YES;
				"CODE_SIGN_IDENTITY[sdk=iphoneos*]" = "iPhone Developer";
				COPY_PHASE_STRIP = NO;
				DEBUG_INFORMATION_FORMAT = "dwarf-with-dsym";
				ENABLE_NS_ASSERTIONS = NO;
				ENABLE_STRICT_OBJC_MSGSEND = YES;
				GCC_C_LANGUAGE_STANDARD = gnu99;
				GCC_NO_COMMON_BLOCKS = YES;
				GCC_WARN_64_TO_32_BIT_CONVERSION = YES;
				GCC_WARN_ABOUT_RETURN_TYPE = YES_ERROR;
				GCC_WARN_UNDECLARED_SELECTOR = YES;
				GCC_WARN_UNINITIALIZED_AUTOS = YES_AGGRESSIVE;
				GCC_WARN_UNUSED_FUNCTION = YES;
				GCC_WARN_UNUSED_VARIABLE = YES;
				IPHONEOS_DEPLOYMENT_TARGET = 10.1;
				MTL_ENABLE_DEBUG_INFO = NO;
				SDKROOT = iphoneos;
				TARGETED_DEVICE_FAMILY = "1,2";
				VALIDATE_PRODUCT = YES;
			};
			name = Release;
		};
		E8003A081DC325D100103028 /* Debug */ = {
			isa = XCBuildConfiguration;
			baseConfigurationReference = 8F6C17B69DA2667D646C606E /* Pods-XCFKit iOS Demo.debug.xcconfig */;
			buildSettings = {
				ASSETCATALOG_COMPILER_APPICON_NAME = AppIcon;
				DEVELOPMENT_TEAM = BV897Y9BD9;
				INFOPLIST_FILE = "XCFKit Demo/Info.plist";
				IPHONEOS_DEPLOYMENT_TARGET = 8.0;
				LD_RUNPATH_SEARCH_PATHS = "$(inherited) @executable_path/Frameworks";
				PRODUCT_BUNDLE_IDENTIFIER = "yiplee.XCFKit-Demo";
				PRODUCT_NAME = "$(TARGET_NAME)";
			};
			name = Debug;
		};
		E8003A091DC325D100103028 /* Release */ = {
			isa = XCBuildConfiguration;
			baseConfigurationReference = CDB2FEF9ED70F85DD34B26D5 /* Pods-XCFKit iOS Demo.release.xcconfig */;
			buildSettings = {
				ASSETCATALOG_COMPILER_APPICON_NAME = AppIcon;
				DEVELOPMENT_TEAM = BV897Y9BD9;
				INFOPLIST_FILE = "XCFKit Demo/Info.plist";
				IPHONEOS_DEPLOYMENT_TARGET = 8.0;
				LD_RUNPATH_SEARCH_PATHS = "$(inherited) @executable_path/Frameworks";
				PRODUCT_BUNDLE_IDENTIFIER = "yiplee.XCFKit-Demo";
				PRODUCT_NAME = "$(TARGET_NAME)";
			};
			name = Release;
		};
/* End XCBuildConfiguration section */

/* Begin XCConfigurationList section */
		E80039E01DC325D100103028 /* Build configuration list for PBXProject "XCFKit Demo" */ = {
			isa = XCConfigurationList;
			buildConfigurations = (
				E8003A051DC325D100103028 /* Debug */,
				E8003A061DC325D100103028 /* Release */,
			);
			defaultConfigurationIsVisible = 0;
			defaultConfigurationName = Release;
		};
		E8003A071DC325D100103028 /* Build configuration list for PBXNativeTarget "XCFKit iOS Demo" */ = {
			isa = XCConfigurationList;
			buildConfigurations = (
				E8003A081DC325D100103028 /* Debug */,
				E8003A091DC325D100103028 /* Release */,
			);
			defaultConfigurationIsVisible = 0;
			defaultConfigurationName = Release;
		};
/* End XCConfigurationList section */
	};
	rootObject = E80039DD1DC325D100103028 /* Project object */;
}
