PODS:
  - XCFKit (1.0.3):
    - XCFKit/Foundation (= 1.0.3)
    - XCFKit/UIKit (= 1.0.3)
    - XCFKit/VideoPlayer (= 1.0.3)
  - XCFKit/Foundation (1.0.3)
  - XCFKit/UIKit (1.0.3)
  - XCFKit/VideoPlayer (1.0.3):
    - XCFKit/UIKit

DEPENDENCIES:
  - XCFKit (from `../`)

EXTERNAL SOURCES:
  XCFKit:
    :path: "../"

SPEC CHECKSUMS:
  XCFKit: 54b8af9d7608a36343ae5545e04f8a4ac94872f4

PODFILE CHECKSUM: 9caa585c7a0ba33692320a37238811141bd73f02

COCOAPODS: 1.9.0
